
Microsoft Visual Studio Solution File, Format Version 12.00
# Visual Studio Version 17
VisualStudioVersion = 17.4.33122.133
MinimumVisualStudioVersion = 10.0.40219.1
Project("{FAE04EC0-301F-11D3-BF4B-00C04F79EFBC}") = "spotifyDB", "spotifyDB.csproj", "{1353F88E-6C15-4916-8C76-93E390E75869}"
EndProject
Global
	GlobalSection(SolutionConfigurationPlatforms) = preSolution
		Debug|Any CPU = Debug|Any CPU
		Release|Any CPU = Release|Any CPU
	EndGlobalSection
	GlobalSection(ProjectConfigurationPlatforms) = postSolution
		{1353F88E-6C15-4916-8C76-93E390E75869}.Debug|Any CPU.ActiveCfg = Debug|Any CPU
		{1353F88E-6C15-4916-8C76-93E390E75869}.Debug|Any CPU.Build.0 = Debug|Any CPU
		{1353F88E-6C15-4916-8C76-93E390E75869}.Release|Any CPU.ActiveCfg = Release|Any CPU
		{1353F88E-6C15-4916-8C76-93E390E75869}.Release|Any CPU.Build.0 = Release|Any CPU
	EndGlobalSection
	GlobalSection(SolutionProperties) = preSolution
		HideSolutionNode = FALSE
	EndGlobalSection
	GlobalSection(ExtensibilityGlobals) = postSolution
		SolutionGuid = {30D46B2E-5AC5-4FE4-800A-78991F7FE921}
	EndGlobalSection
EndGlobal
